
Microsoft Visual Studio Solution File, Format Version 12.00
# Visual Studio Version 17
VisualStudioVersion = 17.8.34330.188
MinimumVisualStudioVersion = 10.0.40219.1
Project("{8BC9CEB8-8B4A-11D0-8D11-00A0C91BC942}") = "Server", "Server\Server.vcxproj", "{6E6B094F-5D2C-45FF-A847-5B738281968D}"
EndProject
Project("{8BC9CEB8-8B4A-11D0-8D11-00A0C91BC942}") = "Network", "Network\Network.vcxproj", "{32433F71-5ABE-418E-8492-C775F5BB70AB}"
EndProject
Project("{8BC9CEB8-8B4A-11D0-8D11-00A0C91BC942}") = "ClientLib", "ClientLib\ClientLib.vcxproj", "{91C125BC-416D-46CF-974C-E7DDD245A6ED}"
EndProject
Project("{8BC9CEB8-8B4A-11D0-8D11-00A0C91BC942}") = "TestClient", "TestClient\TestClient.vcxproj", "{72244BDC-3B20-4056-8393-67CA45E201EB}"
EndProject
Project("{8BC9CEB8-8B4A-11D0-8D11-00A0C91BC942}") = "TestVectorClock", "TestVectorClock\TestVectorClock.vcxproj", "{A5B475D8-3109-4CE3-9F50-C2D369CCAA61}"
EndProject
Project("{2150E333-8FDC-42A3-9474-1A3956D46DE8}") = "Tests", "Tests", "{B5B9C05A-52C4-45AB-8C0C-B9D627ABCC42}"
EndProject
Project("{8BC9CEB8-8B4A-11D0-8D11-00A0C91BC942}") = "TestParallelProcessing", "TestParallelProcessing\TestParallelProcessing.vcxproj", "{296A33D0-11F6-4C0F-8CFB-3A5D55C5598E}"
EndProject
Project("{8BC9CEB8-8B4A-11D0-8D11-00A0C91BC942}") = "ServerLib", "ServerLib\ServerLib.vcxproj", "{2256CC7F-A6B7-4BA4-BDA6-16193A06951B}"
EndProject
Project("{8BC9CEB8-8B4A-11D0-8D11-00A0C91BC942}") = "ClientDLL", "ClientDLL\ClientDLL.vcxproj", "{C6271061-2E8A-425E-B9E8-A0FF4EC8A420}"
EndProject
Project("{8BC9CEB8-8B4A-11D0-8D11-00A0C91BC942}") = "ClientDLLStandalone", "ClientDLLStandalone\ClientDLLStandalone.vcxproj", "{4D23D728-EA63-4221-A44F-F58237A12F55}"
EndProject
Project("{2150E333-8FDC-42A3-9474-1A3956D46DE8}") = "Tests_Standalone", "Tests_Standalone", "{FAFA9FDD-35DC-4BD8-9A45-AEBAB54387B0}"
EndProject
Project("{8BC9CEB8-8B4A-11D0-8D11-00A0C91BC942}") = "TestSASingleSession", "TestSASingleSession\TestSASingleSession.vcxproj", "{CB17BF59-7BB1-4DBC-BB5C-A8322CB61B2D}"
EndProject
Global
	GlobalSection(SolutionConfigurationPlatforms) = preSolution
		Debug|x64 = Debug|x64
		Debug|x86 = Debug|x86
		Release|x64 = Release|x64
		Release|x86 = Release|x86
	EndGlobalSection
	GlobalSection(ProjectConfigurationPlatforms) = postSolution
		{6E6B094F-5D2C-45FF-A847-5B738281968D}.Debug|x64.ActiveCfg = Debug|x64
		{6E6B094F-5D2C-45FF-A847-5B738281968D}.Debug|x64.Build.0 = Debug|x64
		{6E6B094F-5D2C-45FF-A847-5B738281968D}.Debug|x86.ActiveCfg = Debug|x64
		{6E6B094F-5D2C-45FF-A847-5B738281968D}.Debug|x86.Build.0 = Debug|x64
		{6E6B094F-5D2C-45FF-A847-5B738281968D}.Release|x64.ActiveCfg = Release|x64
		{6E6B094F-5D2C-45FF-A847-5B738281968D}.Release|x64.Build.0 = Release|x64
		{6E6B094F-5D2C-45FF-A847-5B738281968D}.Release|x86.ActiveCfg = Release|x64
		{6E6B094F-5D2C-45FF-A847-5B738281968D}.Release|x86.Build.0 = Release|x64
		{32433F71-5ABE-418E-8492-C775F5BB70AB}.Debug|x64.ActiveCfg = Debug|x64
		{32433F71-5ABE-418E-8492-C775F5BB70AB}.Debug|x64.Build.0 = Debug|x64
		{32433F71-5ABE-418E-8492-C775F5BB70AB}.Debug|x86.ActiveCfg = Debug|x64
		{32433F71-5ABE-418E-8492-C775F5BB70AB}.Debug|x86.Build.0 = Debug|x64
		{32433F71-5ABE-418E-8492-C775F5BB70AB}.Release|x64.ActiveCfg = Release|x64
		{32433F71-5ABE-418E-8492-C775F5BB70AB}.Release|x64.Build.0 = Release|x64
		{32433F71-5ABE-418E-8492-C775F5BB70AB}.Release|x86.ActiveCfg = Release|x64
		{32433F71-5ABE-418E-8492-C775F5BB70AB}.Release|x86.Build.0 = Release|x64
		{91C125BC-416D-46CF-974C-E7DDD245A6ED}.Debug|x64.ActiveCfg = Debug|x64
		{91C125BC-416D-46CF-974C-E7DDD245A6ED}.Debug|x64.Build.0 = Debug|x64
		{91C125BC-416D-46CF-974C-E7DDD245A6ED}.Debug|x86.ActiveCfg = Debug|x64
		{91C125BC-416D-46CF-974C-E7DDD245A6ED}.Debug|x86.Build.0 = Debug|x64
		{91C125BC-416D-46CF-974C-E7DDD245A6ED}.Release|x64.ActiveCfg = Release|x64
		{91C125BC-416D-46CF-974C-E7DDD245A6ED}.Release|x64.Build.0 = Release|x64
		{91C125BC-416D-46CF-974C-E7DDD245A6ED}.Release|x86.ActiveCfg = Release|x64
		{91C125BC-416D-46CF-974C-E7DDD245A6ED}.Release|x86.Build.0 = Release|x64
		{72244BDC-3B20-4056-8393-67CA45E201EB}.Debug|x64.ActiveCfg = Debug|x64
		{72244BDC-3B20-4056-8393-67CA45E201EB}.Debug|x64.Build.0 = Debug|x64
		{72244BDC-3B20-4056-8393-67CA45E201EB}.Debug|x86.ActiveCfg = Debug|x64
		{72244BDC-3B20-4056-8393-67CA45E201EB}.Debug|x86.Build.0 = Debug|x64
		{72244BDC-3B20-4056-8393-67CA45E201EB}.Release|x64.ActiveCfg = Release|x64
		{72244BDC-3B20-4056-8393-67CA45E201EB}.Release|x64.Build.0 = Release|x64
		{72244BDC-3B20-4056-8393-67CA45E201EB}.Release|x86.ActiveCfg = Release|x64
		{72244BDC-3B20-4056-8393-67CA45E201EB}.Release|x86.Build.0 = Release|x64
		{A5B475D8-3109-4CE3-9F50-C2D369CCAA61}.Debug|x64.ActiveCfg = Debug|x64
		{A5B475D8-3109-4CE3-9F50-C2D369CCAA61}.Debug|x64.Build.0 = Debug|x64
		{A5B475D8-3109-4CE3-9F50-C2D369CCAA61}.Debug|x86.ActiveCfg = Debug|x64
		{A5B475D8-3109-4CE3-9F50-C2D369CCAA61}.Debug|x86.Build.0 = Debug|x64
		{A5B475D8-3109-4CE3-9F50-C2D369CCAA61}.Release|x64.ActiveCfg = Release|x64
		{A5B475D8-3109-4CE3-9F50-C2D369CCAA61}.Release|x64.Build.0 = Release|x64
		{A5B475D8-3109-4CE3-9F50-C2D369CCAA61}.Release|x86.ActiveCfg = Release|x64
		{A5B475D8-3109-4CE3-9F50-C2D369CCAA61}.Release|x86.Build.0 = Release|x64
		{296A33D0-11F6-4C0F-8CFB-3A5D55C5598E}.Debug|x64.ActiveCfg = Debug|x64
		{296A33D0-11F6-4C0F-8CFB-3A5D55C5598E}.Debug|x64.Build.0 = Debug|x64
		{296A33D0-11F6-4C0F-8CFB-3A5D55C5598E}.Debug|x86.ActiveCfg = Debug|x64
		{296A33D0-11F6-4C0F-8CFB-3A5D55C5598E}.Release|x64.ActiveCfg = Release|x64
		{296A33D0-11F6-4C0F-8CFB-3A5D55C5598E}.Release|x64.Build.0 = Release|x64
		{296A33D0-11F6-4C0F-8CFB-3A5D55C5598E}.Release|x86.ActiveCfg = Release|x64
		{2256CC7F-A6B7-4BA4-BDA6-16193A06951B}.Debug|x64.ActiveCfg = Debug|x64
		{2256CC7F-A6B7-4BA4-BDA6-16193A06951B}.Debug|x64.Build.0 = Debug|x64
		{2256CC7F-A6B7-4BA4-BDA6-16193A06951B}.Debug|x86.ActiveCfg = Debug|x64
		{2256CC7F-A6B7-4BA4-BDA6-16193A06951B}.Release|x64.ActiveCfg = Release|x64
		{2256CC7F-A6B7-4BA4-BDA6-16193A06951B}.Release|x64.Build.0 = Release|x64
		{2256CC7F-A6B7-4BA4-BDA6-16193A06951B}.Release|x86.ActiveCfg = Release|x64
		{C6271061-2E8A-425E-B9E8-A0FF4EC8A420}.Debug|x64.ActiveCfg = Debug|x64
		{C6271061-2E8A-425E-B9E8-A0FF4EC8A420}.Debug|x64.Build.0 = Debug|x64
		{C6271061-2E8A-425E-B9E8-A0FF4EC8A420}.Debug|x86.ActiveCfg = Debug|x64
		{C6271061-2E8A-425E-B9E8-A0FF4EC8A420}.Release|x64.ActiveCfg = Release|x64
		{C6271061-2E8A-425E-B9E8-A0FF4EC8A420}.Release|x64.Build.0 = Release|x64
		{C6271061-2E8A-425E-B9E8-A0FF4EC8A420}.Release|x86.ActiveCfg = Release|x64
		{4D23D728-EA63-4221-A44F-F58237A12F55}.Debug|x64.ActiveCfg = Debug|x64
		{4D23D728-EA63-4221-A44F-F58237A12F55}.Debug|x64.Build.0 = Debug|x64
		{4D23D728-EA63-4221-A44F-F58237A12F55}.Debug|x86.ActiveCfg = Debug|x64
		{4D23D728-EA63-4221-A44F-F58237A12F55}.Release|x64.ActiveCfg = Release|x64
		{4D23D728-EA63-4221-A44F-F58237A12F55}.Release|x64.Build.0 = Release|x64
		{4D23D728-EA63-4221-A44F-F58237A12F55}.Release|x86.ActiveCfg = Release|x64
		{CB17BF59-7BB1-4DBC-BB5C-A8322CB61B2D}.Debug|x64.ActiveCfg = Debug|x64
		{CB17BF59-7BB1-4DBC-BB5C-A8322CB61B2D}.Debug|x64.Build.0 = Debug|x64
		{CB17BF59-7BB1-4DBC-BB5C-A8322CB61B2D}.Debug|x86.ActiveCfg = Debug|x64
		{CB17BF59-7BB1-4DBC-BB5C-A8322CB61B2D}.Release|x64.ActiveCfg = Release|x64
		{CB17BF59-7BB1-4DBC-BB5C-A8322CB61B2D}.Release|x64.Build.0 = Release|x64
		{CB17BF59-7BB1-4DBC-BB5C-A8322CB61B2D}.Release|x86.ActiveCfg = Release|x64
	EndGlobalSection
	GlobalSection(SolutionProperties) = preSolution
		HideSolutionNode = FALSE
	EndGlobalSection
	GlobalSection(NestedProjects) = preSolution
		{72244BDC-3B20-4056-8393-67CA45E201EB} = {B5B9C05A-52C4-45AB-8C0C-B9D627ABCC42}
		{A5B475D8-3109-4CE3-9F50-C2D369CCAA61} = {B5B9C05A-52C4-45AB-8C0C-B9D627ABCC42}
		{296A33D0-11F6-4C0F-8CFB-3A5D55C5598E} = {B5B9C05A-52C4-45AB-8C0C-B9D627ABCC42}
		{CB17BF59-7BB1-4DBC-BB5C-A8322CB61B2D} = {FAFA9FDD-35DC-4BD8-9A45-AEBAB54387B0}
	EndGlobalSection
	GlobalSection(ExtensibilityGlobals) = postSolution
		SolutionGuid = {A8D2CE0B-EC12-43E1-8FE7-C186EACEFDC2}
	EndGlobalSection
EndGlobal
