<?xml version="1.0" encoding="utf-8"?>
<Project ToolsVersion="4.0" xmlns="http://schemas.microsoft.com/developer/msbuild/2003">
  <ItemGroup>
    <Filter Include="Quelldateien">
      <UniqueIdentifier>{4FC737F1-C7A5-4376-A066-2A32D752A2FF}</UniqueIdentifier>
      <Extensions>cpp;c;cc;cxx;c++;cppm;ixx;def;odl;idl;hpj;bat;asm;asmx</Extensions>
    </Filter>
    <Filter Include="Headerdateien">
      <UniqueIdentifier>{93995380-89BD-4b04-88EB-625FBE52EBFB}</UniqueIdentifier>
      <Extensions>h;hh;hpp;hxx;h++;hm;inl;inc;ipp;xsd</Extensions>
    </Filter>
    <Filter Include="Ressourcendateien">
      <UniqueIdentifier>{67DA6AB6-F800-4c08-8B7A-83BB121AAD01}</UniqueIdentifier>
      <Extensions>rc;ico;cur;bmp;dlg;rc2;rct;bin;rgs;gif;jpg;jpeg;jpe;resx;tiff;tif;png;wav;mfcribbon-ms</Extensions>
    </Filter>
    <Filter Include="Headerdateien\network">
      <UniqueIdentifier>{721ed222-4749-42cf-a825-89883b48d023}</UniqueIdentifier>
    </Filter>
    <Filter Include="Headerdateien\network\message">
      <UniqueIdentifier>{1e323947-0672-402a-9d8b-9a63eb3270a8}</UniqueIdentifier>
    </Filter>
    <Filter Include="Quelldateien\message">
      <UniqueIdentifier>{3469cd63-bb2d-467b-9931-79bdd7133338}</UniqueIdentifier>
    </Filter>
    <Filter Include="Headerdateien\common">
      <UniqueIdentifier>{1aa799c2-244e-4fa5-a7a3-8ab6ab2a40e6}</UniqueIdentifier>
    </Filter>
    <Filter Include="Quelldateien\common">
      <UniqueIdentifier>{2212e6a4-bdb2-46e1-950b-8c440cdc8755}</UniqueIdentifier>
    </Filter>
  </ItemGroup>
  <ItemGroup>
    <ClCompile Include="Network.cpp">
      <Filter>Quelldateien</Filter>
    </ClCompile>
    <ClCompile Include="SocketServer.cpp">
      <Filter>Quelldateien</Filter>
    </ClCompile>
    <ClCompile Include="Resource.cpp">
      <Filter>Quelldateien</Filter>
    </ClCompile>
    <ClCompile Include="SocketClient.cpp">
      <Filter>Quelldateien</Filter>
    </ClCompile>
    <ClCompile Include="DuplexMessageSocket.cpp">
      <Filter>Quelldateien</Filter>
    </ClCompile>
    <ClCompile Include="message\DatabaseOpen.cpp">
      <Filter>Quelldateien\message</Filter>
    </ClCompile>
    <ClCompile Include="IOCompletionPort.cpp">
      <Filter>Quelldateien</Filter>
    </ClCompile>
    <ClCompile Include="message\BlobsRead.cpp">
      <Filter>Quelldateien\message</Filter>
    </ClCompile>
    <ClCompile Include="message\DatabaseOpenResponse.cpp">
      <Filter>Quelldateien\message</Filter>
    </ClCompile>
    <ClCompile Include="message\Message.cpp">
      <Filter>Quelldateien\message</Filter>
    </ClCompile>
    <ClCompile Include="ReceiveMessageQueue.cpp">
      <Filter>Quelldateien</Filter>
    </ClCompile>
    <ClCompile Include="message\ConnectionClosed.cpp">
      <Filter>Quelldateien\message</Filter>
    </ClCompile>
    <ClCompile Include="message\ConnectionOpened.cpp">
      <Filter>Quelldateien\message</Filter>
    </ClCompile>
    <ClCompile Include="message\TransactionAbort.cpp">
      <Filter>Quelldateien\message</Filter>
    </ClCompile>
    <ClCompile Include="message\DatabaseClose.cpp">
      <Filter>Quelldateien\message</Filter>
    </ClCompile>
    <ClCompile Include="message\NetworkException.cpp">
      <Filter>Quelldateien\message</Filter>
    </ClCompile>
    <ClCompile Include="message\BlobsReadResponse.cpp">
      <Filter>Quelldateien\message</Filter>
    </ClCompile>
    <ClCompile Include="common\BlobLocation.cpp">
      <Filter>Quelldateien\common</Filter>
    </ClCompile>
    <ClCompile Include="message\TransactionCommit.cpp">
      <Filter>Quelldateien\message</Filter>
    </ClCompile>
    <ClCompile Include="message\TransactionCommitResponse.cpp">
      <Filter>Quelldateien\message</Filter>
    </ClCompile>
    <ClCompile Include="Factory.cpp">
      <Filter>Quelldateien</Filter>
    </ClCompile>
    <ClCompile Include="SocketFactory.cpp">
      <Filter>Quelldateien</Filter>
    </ClCompile>
    <ClCompile Include="StandaloneFactory.cpp">
      <Filter>Quelldateien</Filter>
    </ClCompile>
    <ClCompile Include="message\DatabaseCloseResponse.cpp">
      <Filter>Quelldateien\message</Filter>
    </ClCompile>
    <ClCompile Include="common\Exception.cpp">
      <Filter>Quelldateien\common</Filter>
    </ClCompile>
    <ClCompile Include="IOCPReceiveMessageQueue.cpp">
      <Filter>Quelldateien</Filter>
    </ClCompile>
    <ClCompile Include="common\Encoding.cpp">
      <Filter>Quelldateien\common</Filter>
    </ClCompile>
  </ItemGroup>
  <ItemGroup>
    <None Include="Network.md" />
  </ItemGroup>
  <ItemGroup>
    <ClInclude Include="include\network\Resource.hpp">
      <Filter>Headerdateien\network</Filter>
    </ClInclude>
    <ClInclude Include="include\network\Network.hpp">
      <Filter>Headerdateien\network</Filter>
    </ClInclude>
    <ClInclude Include="include\win_include.hpp">
      <Filter>Headerdateien</Filter>
    </ClInclude>
    <ClInclude Include="include\network\SocketServer.hpp">
      <Filter>Headerdateien\network</Filter>
    </ClInclude>
    <ClInclude Include="include\network\SocketClient.hpp">
      <Filter>Headerdateien\network</Filter>
    </ClInclude>
    <ClInclude Include="include\network\message\Message.hpp">
      <Filter>Headerdateien\network\message</Filter>
    </ClInclude>
    <ClInclude Include="include\network\message\DatabaseOpen.hpp">
      <Filter>Headerdateien\network\message</Filter>
    </ClInclude>
    <ClInclude Include="include\network\IOCompletionHandler.hpp">
      <Filter>Headerdateien\network</Filter>
    </ClInclude>
    <ClInclude Include="include\network\DuplexMessageSocket.hpp">
      <Filter>Headerdateien\network</Filter>
    </ClInclude>
    <ClInclude Include="include\network\IOCompletionPort.hpp">
      <Filter>Headerdateien\network</Filter>
    </ClInclude>
    <ClInclude Include="include\network\message\BlobsRead.hpp">
      <Filter>Headerdateien\network\message</Filter>
    </ClInclude>
    <ClInclude Include="include\network\message\DatabaseOpenResponse.hpp">
      <Filter>Headerdateien\network\message</Filter>
    </ClInclude>
    <ClInclude Include="include\network\ReceiveMessageQueue.hpp">
      <Filter>Headerdateien\network</Filter>
    </ClInclude>
    <ClInclude Include="include\network\MessagePointer.hpp">
      <Filter>Headerdateien\network</Filter>
    </ClInclude>
    <ClInclude Include="include\network\message\ConnectionClosed.hpp">
      <Filter>Headerdateien\network\message</Filter>
    </ClInclude>
    <ClInclude Include="include\network\message\ConnectionOpened.hpp">
      <Filter>Headerdateien\network\message</Filter>
    </ClInclude>
    <ClInclude Include="include\network\message\TransactionAbort.hpp">
      <Filter>Headerdateien\network\message</Filter>
    </ClInclude>
    <ClInclude Include="include\network\message\All.hpp">
      <Filter>Headerdateien\network\message</Filter>
    </ClInclude>
    <ClInclude Include="include\network\message\DatabaseClose.hpp">
      <Filter>Headerdateien\network\message</Filter>
    </ClInclude>
    <ClInclude Include="include\network\message\NetworkException.hpp">
      <Filter>Headerdateien\network\message</Filter>
    </ClInclude>
    <ClInclude Include="include\network\message\BlobsReadResponse.hpp">
      <Filter>Headerdateien\network\message</Filter>
    </ClInclude>
    <ClInclude Include="include\common\BlobLocation.hpp">
      <Filter>Headerdateien\common</Filter>
    </ClInclude>
    <ClInclude Include="include\network\message\TransactionCommit.hpp">
      <Filter>Headerdateien\network\message</Filter>
    </ClInclude>
    <ClInclude Include="include\network\message\TransactionCommitResponse.hpp">
      <Filter>Headerdateien\network\message</Filter>
    </ClInclude>
    <ClInclude Include="include\network\ServerInterface.hpp">
      <Filter>Headerdateien\network</Filter>
    </ClInclude>
    <ClInclude Include="include\network\ClientInterface.hpp">
      <Filter>Headerdateien\network</Filter>
    </ClInclude>
    <ClInclude Include="include\network\Factory.hpp">
      <Filter>Headerdateien\network</Filter>
    </ClInclude>
    <ClInclude Include="include\network\SocketFactory.hpp">
      <Filter>Headerdateien\network</Filter>
    </ClInclude>
    <ClInclude Include="include\network\StandaloneFactory.hpp">
      <Filter>Headerdateien\network</Filter>
    </ClInclude>
    <ClInclude Include="include\network\message\DatabaseCloseResponse.hpp">
      <Filter>Headerdateien\network\message</Filter>
    </ClInclude>
    <ClInclude Include="include\common\Exception.hpp">
      <Filter>Headerdateien\common</Filter>
    </ClInclude>
    <ClInclude Include="include\network\IOCPReceiveMessageQueue.hpp">
      <Filter>Headerdateien\network</Filter>
    </ClInclude>
    <ClInclude Include="include\common\Encoding.hpp">
      <Filter>Headerdateien\common</Filter>
    </ClInclude>
  </ItemGroup>
</Project>